// !$*UTF8*$!
{
	archiveVersion = 1;
	classes = {
	};
	objectVersion = 56;
	objects = {

/* Begin PBXBuildFile section */
		2C65FE7A29D2EE1C00BDFF69 /* ListenPageView.swift in Sources */ = {isa = PBXBuildFile; fileRef = 2C65FE7929D2EE1C00BDFF69 /* ListenPageView.swift */; };
		2C82908C2A288E6400F33168 /* ListenPageViewModel.swift in Sources */ = {isa = PBXBuildFile; fileRef = 2C82908B2A288E6400F33168 /* ListenPageViewModel.swift */; };
		2C838A4E2A37592D007307A4 /* StationSquareView.swift in Sources */ = {isa = PBXBuildFile; fileRef = 2C838A4D2A37592D007307A4 /* StationSquareView.swift */; };
		2C838A502A375955007307A4 /* StationSquareViewModel.swift in Sources */ = {isa = PBXBuildFile; fileRef = 2C838A4F2A375955007307A4 /* StationSquareViewModel.swift */; };
		2C8B378C29B74D8300E1D5CF /* MiniSoundsChallengeApp.swift in Sources */ = {isa = PBXBuildFile; fileRef = 2C8B378B29B74D8300E1D5CF /* MiniSoundsChallengeApp.swift */; };
		2C8B378E29B74D8300E1D5CF /* ContentView.swift in Sources */ = {isa = PBXBuildFile; fileRef = 2C8B378D29B74D8300E1D5CF /* ContentView.swift */; };
		2C8B379029B74D8400E1D5CF /* Assets.xcassets in Resources */ = {isa = PBXBuildFile; fileRef = 2C8B378F29B74D8400E1D5CF /* Assets.xcassets */; };
		2C8B379329B74D8400E1D5CF /* Preview Assets.xcassets in Resources */ = {isa = PBXBuildFile; fileRef = 2C8B379229B74D8400E1D5CF /* Preview Assets.xcassets */; };
		2C8B379D29B74D8400E1D5CF /* MiniSoundsChallengeTests.swift in Sources */ = {isa = PBXBuildFile; fileRef = 2C8B379C29B74D8400E1D5CF /* MiniSoundsChallengeTests.swift */; };
		2C8B37A729B74D8400E1D5CF /* MiniSoundsChallengeUITests.swift in Sources */ = {isa = PBXBuildFile; fileRef = 2C8B37A629B74D8400E1D5CF /* MiniSoundsChallengeUITests.swift */; };
		2C8B37A929B74D8400E1D5CF /* MiniSoundsChallengeUITestsLaunchTests.swift in Sources */ = {isa = PBXBuildFile; fileRef = 2C8B37A829B74D8400E1D5CF /* MiniSoundsChallengeUITestsLaunchTests.swift */; };
		2CA0F3342A333159005030F0 /* MyAvStatisticsConsumer.swift in Sources */ = {isa = PBXBuildFile; fileRef = 2CA0F3332A333159005030F0 /* MyAvStatisticsConsumer.swift */; };
		423A58BE501A5EFD899A79CB /* Pods_MiniSoundsChallenge_MiniSoundsChallengeUITests.framework in Frameworks */ = {isa = PBXBuildFile; fileRef = 82B9825ABB9316D466E5FC41 /* Pods_MiniSoundsChallenge_MiniSoundsChallengeUITests.framework */; };
		C5FACE49D255C93E1565A641 /* Pods_MiniSoundsChallenge.framework in Frameworks */ = {isa = PBXBuildFile; fileRef = 6CC24EDC06C1BE23E079E0D4 /* Pods_MiniSoundsChallenge.framework */; };
		C6BB729FBED93561F6E7C402 /* Pods_MiniSoundsChallengeTests.framework in Frameworks */ = {isa = PBXBuildFile; fileRef = 96CB245EC7519C9360F29D8B /* Pods_MiniSoundsChallengeTests.framework */; };
/* End PBXBuildFile section */

/* Begin PBXContainerItemProxy section */
		2C8B379929B74D8400E1D5CF /* PBXContainerItemProxy */ = {
			isa = PBXContainerItemProxy;
			containerPortal = 2C8B378029B74D8300E1D5CF /* Project object */;
			proxyType = 1;
			remoteGlobalIDString = 2C8B378729B74D8300E1D5CF;
			remoteInfo = MiniSoundsChallenge;
		};
		2C8B37A329B74D8400E1D5CF /* PBXContainerItemProxy */ = {
			isa = PBXContainerItemProxy;
			containerPortal = 2C8B378029B74D8300E1D5CF /* Project object */;
			proxyType = 1;
			remoteGlobalIDString = 2C8B378729B74D8300E1D5CF;
			remoteInfo = MiniSoundsChallenge;
		};
/* End PBXContainerItemProxy section */

/* Begin PBXFileReference section */
		2C65FE7929D2EE1C00BDFF69 /* ListenPageView.swift */ = {isa = PBXFileReference; lastKnownFileType = sourcecode.swift; path = ListenPageView.swift; sourceTree = "<group>"; };
		2C82908B2A288E6400F33168 /* ListenPageViewModel.swift */ = {isa = PBXFileReference; lastKnownFileType = sourcecode.swift; path = ListenPageViewModel.swift; sourceTree = "<group>"; };
		2C838A4D2A37592D007307A4 /* StationSquareView.swift */ = {isa = PBXFileReference; lastKnownFileType = sourcecode.swift; path = StationSquareView.swift; sourceTree = "<group>"; };
		2C838A4F2A375955007307A4 /* StationSquareViewModel.swift */ = {isa = PBXFileReference; lastKnownFileType = sourcecode.swift; path = StationSquareViewModel.swift; sourceTree = "<group>"; };
		2C8B378829B74D8300E1D5CF /* MiniSoundsChallenge.app */ = {isa = PBXFileReference; explicitFileType = wrapper.application; includeInIndex = 0; path = MiniSoundsChallenge.app; sourceTree = BUILT_PRODUCTS_DIR; };
		2C8B378B29B74D8300E1D5CF /* MiniSoundsChallengeApp.swift */ = {isa = PBXFileReference; lastKnownFileType = sourcecode.swift; path = MiniSoundsChallengeApp.swift; sourceTree = "<group>"; };
		2C8B378D29B74D8300E1D5CF /* ContentView.swift */ = {isa = PBXFileReference; lastKnownFileType = sourcecode.swift; path = ContentView.swift; sourceTree = "<group>"; };
		2C8B378F29B74D8400E1D5CF /* Assets.xcassets */ = {isa = PBXFileReference; lastKnownFileType = folder.assetcatalog; path = Assets.xcassets; sourceTree = "<group>"; };
		2C8B379229B74D8400E1D5CF /* Preview Assets.xcassets */ = {isa = PBXFileReference; lastKnownFileType = folder.assetcatalog; path = "Preview Assets.xcassets"; sourceTree = "<group>"; };
		2C8B379829B74D8400E1D5CF /* MiniSoundsChallengeTests.xctest */ = {isa = PBXFileReference; explicitFileType = wrapper.cfbundle; includeInIndex = 0; path = MiniSoundsChallengeTests.xctest; sourceTree = BUILT_PRODUCTS_DIR; };
		2C8B379C29B74D8400E1D5CF /* MiniSoundsChallengeTests.swift */ = {isa = PBXFileReference; lastKnownFileType = sourcecode.swift; path = MiniSoundsChallengeTests.swift; sourceTree = "<group>"; };
		2C8B37A229B74D8400E1D5CF /* MiniSoundsChallengeUITests.xctest */ = {isa = PBXFileReference; explicitFileType = wrapper.cfbundle; includeInIndex = 0; path = MiniSoundsChallengeUITests.xctest; sourceTree = BUILT_PRODUCTS_DIR; };
		2C8B37A629B74D8400E1D5CF /* MiniSoundsChallengeUITests.swift */ = {isa = PBXFileReference; lastKnownFileType = sourcecode.swift; path = MiniSoundsChallengeUITests.swift; sourceTree = "<group>"; };
		2C8B37A829B74D8400E1D5CF /* MiniSoundsChallengeUITestsLaunchTests.swift */ = {isa = PBXFileReference; lastKnownFileType = sourcecode.swift; path = MiniSoundsChallengeUITestsLaunchTests.swift; sourceTree = "<group>"; };
		2CA0F3332A333159005030F0 /* MyAvStatisticsConsumer.swift */ = {isa = PBXFileReference; lastKnownFileType = sourcecode.swift; path = MyAvStatisticsConsumer.swift; sourceTree = "<group>"; };
		50DCFD8672F40A727D81B845 /* Pods-MiniSoundsChallengeTests.debug.xcconfig */ = {isa = PBXFileReference; includeInIndex = 1; lastKnownFileType = text.xcconfig; name = "Pods-MiniSoundsChallengeTests.debug.xcconfig"; path = "Target Support Files/Pods-MiniSoundsChallengeTests/Pods-MiniSoundsChallengeTests.debug.xcconfig"; sourceTree = "<group>"; };
		54DBA18E852DEF8B5EAFD34F /* Pods-MiniSoundsChallenge-MiniSoundsChallengeUITests.debug.xcconfig */ = {isa = PBXFileReference; includeInIndex = 1; lastKnownFileType = text.xcconfig; name = "Pods-MiniSoundsChallenge-MiniSoundsChallengeUITests.debug.xcconfig"; path = "Target Support Files/Pods-MiniSoundsChallenge-MiniSoundsChallengeUITests/Pods-MiniSoundsChallenge-MiniSoundsChallengeUITests.debug.xcconfig"; sourceTree = "<group>"; };
		68E57B500FD4079BCC71C117 /* Pods-MiniSoundsChallenge.release.xcconfig */ = {isa = PBXFileReference; includeInIndex = 1; lastKnownFileType = text.xcconfig; name = "Pods-MiniSoundsChallenge.release.xcconfig"; path = "Target Support Files/Pods-MiniSoundsChallenge/Pods-MiniSoundsChallenge.release.xcconfig"; sourceTree = "<group>"; };
		6CC24EDC06C1BE23E079E0D4 /* Pods_MiniSoundsChallenge.framework */ = {isa = PBXFileReference; explicitFileType = wrapper.framework; includeInIndex = 0; path = Pods_MiniSoundsChallenge.framework; sourceTree = BUILT_PRODUCTS_DIR; };
		71015D64E762E5F7F1CCD3DB /* Pods-MiniSoundsChallengeTests.release.xcconfig */ = {isa = PBXFileReference; includeInIndex = 1; lastKnownFileType = text.xcconfig; name = "Pods-MiniSoundsChallengeTests.release.xcconfig"; path = "Target Support Files/Pods-MiniSoundsChallengeTests/Pods-MiniSoundsChallengeTests.release.xcconfig"; sourceTree = "<group>"; };
		82B9825ABB9316D466E5FC41 /* Pods_MiniSoundsChallenge_MiniSoundsChallengeUITests.framework */ = {isa = PBXFileReference; explicitFileType = wrapper.framework; includeInIndex = 0; path = Pods_MiniSoundsChallenge_MiniSoundsChallengeUITests.framework; sourceTree = BUILT_PRODUCTS_DIR; };
		96CB245EC7519C9360F29D8B /* Pods_MiniSoundsChallengeTests.framework */ = {isa = PBXFileReference; explicitFileType = wrapper.framework; includeInIndex = 0; path = Pods_MiniSoundsChallengeTests.framework; sourceTree = BUILT_PRODUCTS_DIR; };
		BA66ECA88F4D868C06EBBEFB /* Pods-MiniSoundsChallenge-MiniSoundsChallengeUITests.release.xcconfig */ = {isa = PBXFileReference; includeInIndex = 1; lastKnownFileType = text.xcconfig; name = "Pods-MiniSoundsChallenge-MiniSoundsChallengeUITests.release.xcconfig"; path = "Target Support Files/Pods-MiniSoundsChallenge-MiniSoundsChallengeUITests/Pods-MiniSoundsChallenge-MiniSoundsChallengeUITests.release.xcconfig"; sourceTree = "<group>"; };
		CE149238B155803B8AC20C04 /* Pods-MiniSoundsChallenge.debug.xcconfig */ = {isa = PBXFileReference; includeInIndex = 1; lastKnownFileType = text.xcconfig; name = "Pods-MiniSoundsChallenge.debug.xcconfig"; path = "Target Support Files/Pods-MiniSoundsChallenge/Pods-MiniSoundsChallenge.debug.xcconfig"; sourceTree = "<group>"; };
/* End PBXFileReference section */

/* Begin PBXFrameworksBuildPhase section */
		2C8B378529B74D8300E1D5CF /* Frameworks */ = {
			isa = PBXFrameworksBuildPhase;
			buildActionMask = 2147483647;
			files = (
				C5FACE49D255C93E1565A641 /* Pods_MiniSoundsChallenge.framework in Frameworks */,
			);
			runOnlyForDeploymentPostprocessing = 0;
		};
		2C8B379529B74D8400E1D5CF /* Frameworks */ = {
			isa = PBXFrameworksBuildPhase;
			buildActionMask = 2147483647;
			files = (
				C6BB729FBED93561F6E7C402 /* Pods_MiniSoundsChallengeTests.framework in Frameworks */,
			);
			runOnlyForDeploymentPostprocessing = 0;
		};
		2C8B379F29B74D8400E1D5CF /* Frameworks */ = {
			isa = PBXFrameworksBuildPhase;
			buildActionMask = 2147483647;
			files = (
				423A58BE501A5EFD899A79CB /* Pods_MiniSoundsChallenge_MiniSoundsChallengeUITests.framework in Frameworks */,
			);
			runOnlyForDeploymentPostprocessing = 0;
		};
/* End PBXFrameworksBuildPhase section */

/* Begin PBXGroup section */
		2C8B377F29B74D8300E1D5CF = {
			isa = PBXGroup;
			children = (
				2C8B378A29B74D8300E1D5CF /* MiniSoundsChallenge */,
				2C8B379B29B74D8400E1D5CF /* MiniSoundsChallengeTests */,
				2C8B37A529B74D8400E1D5CF /* MiniSoundsChallengeUITests */,
				2C8B378929B74D8300E1D5CF /* Products */,
				4C5A1AB9BAD06CB1FED63CCA /* Pods */,
				F7F796FBE710B93C50697C36 /* Frameworks */,
			);
			sourceTree = "<group>";
		};
		2C8B378929B74D8300E1D5CF /* Products */ = {
			isa = PBXGroup;
			children = (
				2C8B378829B74D8300E1D5CF /* MiniSoundsChallenge.app */,
				2C8B379829B74D8400E1D5CF /* MiniSoundsChallengeTests.xctest */,
				2C8B37A229B74D8400E1D5CF /* MiniSoundsChallengeUITests.xctest */,
			);
			name = Products;
			sourceTree = "<group>";
		};
		2C8B378A29B74D8300E1D5CF /* MiniSoundsChallenge */ = {
			isa = PBXGroup;
			children = (
				2C8B378F29B74D8400E1D5CF /* Assets.xcassets */,
				2C8B378D29B74D8300E1D5CF /* ContentView.swift */,
				2C65FE7929D2EE1C00BDFF69 /* ListenPageView.swift */,
				2C82908B2A288E6400F33168 /* ListenPageViewModel.swift */,
				2C8B378B29B74D8300E1D5CF /* MiniSoundsChallengeApp.swift */,
				2CA0F3332A333159005030F0 /* MyAvStatisticsConsumer.swift */,
				2C8B379129B74D8400E1D5CF /* Preview Content */,
				2C838A4D2A37592D007307A4 /* StationSquareView.swift */,
				2C838A4F2A375955007307A4 /* StationSquareViewModel.swift */,
			);
			path = MiniSoundsChallenge;
			sourceTree = "<group>";
		};
		2C8B379129B74D8400E1D5CF /* Preview Content */ = {
			isa = PBXGroup;
			children = (
				2C8B379229B74D8400E1D5CF /* Preview Assets.xcassets */,
			);
			path = "Preview Content";
			sourceTree = "<group>";
		};
		2C8B379B29B74D8400E1D5CF /* MiniSoundsChallengeTests */ = {
			isa = PBXGroup;
			children = (
				2C8B379C29B74D8400E1D5CF /* MiniSoundsChallengeTests.swift */,
			);
			path = MiniSoundsChallengeTests;
			sourceTree = "<group>";
		};
		2C8B37A529B74D8400E1D5CF /* MiniSoundsChallengeUITests */ = {
			isa = PBXGroup;
			children = (
				2C8B37A629B74D8400E1D5CF /* MiniSoundsChallengeUITests.swift */,
				2C8B37A829B74D8400E1D5CF /* MiniSoundsChallengeUITestsLaunchTests.swift */,
			);
			path = MiniSoundsChallengeUITests;
			sourceTree = "<group>";
		};
		4C5A1AB9BAD06CB1FED63CCA /* Pods */ = {
			isa = PBXGroup;
			children = (
				CE149238B155803B8AC20C04 /* Pods-MiniSoundsChallenge.debug.xcconfig */,
				68E57B500FD4079BCC71C117 /* Pods-MiniSoundsChallenge.release.xcconfig */,
				54DBA18E852DEF8B5EAFD34F /* Pods-MiniSoundsChallenge-MiniSoundsChallengeUITests.debug.xcconfig */,
				BA66ECA88F4D868C06EBBEFB /* Pods-MiniSoundsChallenge-MiniSoundsChallengeUITests.release.xcconfig */,
				50DCFD8672F40A727D81B845 /* Pods-MiniSoundsChallengeTests.debug.xcconfig */,
				71015D64E762E5F7F1CCD3DB /* Pods-MiniSoundsChallengeTests.release.xcconfig */,
			);
			path = Pods;
			sourceTree = "<group>";
		};
		F7F796FBE710B93C50697C36 /* Frameworks */ = {
			isa = PBXGroup;
			children = (
				6CC24EDC06C1BE23E079E0D4 /* Pods_MiniSoundsChallenge.framework */,
				82B9825ABB9316D466E5FC41 /* Pods_MiniSoundsChallenge_MiniSoundsChallengeUITests.framework */,
				96CB245EC7519C9360F29D8B /* Pods_MiniSoundsChallengeTests.framework */,
			);
			name = Frameworks;
			sourceTree = "<group>";
		};
/* End PBXGroup section */

/* Begin PBXNativeTarget section */
		2C8B378729B74D8300E1D5CF /* MiniSoundsChallenge */ = {
			isa = PBXNativeTarget;
			buildConfigurationList = 2C8B37AC29B74D8400E1D5CF /* Build configuration list for PBXNativeTarget "MiniSoundsChallenge" */;
			buildPhases = (
				50724CD2CEC30F22187863D2 /* [CP] Check Pods Manifest.lock */,
				2C8B378429B74D8300E1D5CF /* Sources */,
				2C8B378529B74D8300E1D5CF /* Frameworks */,
				2C8B378629B74D8300E1D5CF /* Resources */,
				A2D8D63F7EED7CFBEF3E2056 /* [CP] Embed Pods Frameworks */,
			);
			buildRules = (
			);
			dependencies = (
			);
			name = MiniSoundsChallenge;
			productName = MiniSoundsChallenge;
			productReference = 2C8B378829B74D8300E1D5CF /* MiniSoundsChallenge.app */;
			productType = "com.apple.product-type.application";
		};
		2C8B379729B74D8400E1D5CF /* MiniSoundsChallengeTests */ = {
			isa = PBXNativeTarget;
			buildConfigurationList = 2C8B37AF29B74D8400E1D5CF /* Build configuration list for PBXNativeTarget "MiniSoundsChallengeTests" */;
			buildPhases = (
				50D73FA20D3BC651B0211739 /* [CP] Check Pods Manifest.lock */,
				2C8B379429B74D8400E1D5CF /* Sources */,
				2C8B379529B74D8400E1D5CF /* Frameworks */,
				2C8B379629B74D8400E1D5CF /* Resources */,
			);
			buildRules = (
			);
			dependencies = (
				2C8B379A29B74D8400E1D5CF /* PBXTargetDependency */,
			);
			name = MiniSoundsChallengeTests;
			productName = MiniSoundsChallengeTests;
			productReference = 2C8B379829B74D8400E1D5CF /* MiniSoundsChallengeTests.xctest */;
			productType = "com.apple.product-type.bundle.unit-test";
		};
		2C8B37A129B74D8400E1D5CF /* MiniSoundsChallengeUITests */ = {
			isa = PBXNativeTarget;
			buildConfigurationList = 2C8B37B229B74D8400E1D5CF /* Build configuration list for PBXNativeTarget "MiniSoundsChallengeUITests" */;
			buildPhases = (
				34648C578587B3DB3BDC8B5F /* [CP] Check Pods Manifest.lock */,
				2C8B379E29B74D8400E1D5CF /* Sources */,
				2C8B379F29B74D8400E1D5CF /* Frameworks */,
				2C8B37A029B74D8400E1D5CF /* Resources */,
				710F5E309DEFCE509332F913 /* [CP] Embed Pods Frameworks */,
			);
			buildRules = (
			);
			dependencies = (
				2C8B37A429B74D8400E1D5CF /* PBXTargetDependency */,
			);
			name = MiniSoundsChallengeUITests;
			productName = MiniSoundsChallengeUITests;
			productReference = 2C8B37A229B74D8400E1D5CF /* MiniSoundsChallengeUITests.xctest */;
			productType = "com.apple.product-type.bundle.ui-testing";
		};
/* End PBXNativeTarget section */

/* Begin PBXProject section */
		2C8B378029B74D8300E1D5CF /* Project object */ = {
			isa = PBXProject;
			attributes = {
				BuildIndependentTargetsInParallel = 1;
				LastSwiftUpdateCheck = 1420;
				LastUpgradeCheck = 1420;
				TargetAttributes = {
					2C8B378729B74D8300E1D5CF = {
						CreatedOnToolsVersion = 14.2;
					};
					2C8B379729B74D8400E1D5CF = {
						CreatedOnToolsVersion = 14.2;
						TestTargetID = 2C8B378729B74D8300E1D5CF;
					};
					2C8B37A129B74D8400E1D5CF = {
						CreatedOnToolsVersion = 14.2;
						TestTargetID = 2C8B378729B74D8300E1D5CF;
					};
				};
			};
			buildConfigurationList = 2C8B378329B74D8300E1D5CF /* Build configuration list for PBXProject "MiniSoundsChallenge" */;
			compatibilityVersion = "Xcode 14.0";
			developmentRegion = en;
			hasScannedForEncodings = 0;
			knownRegions = (
				en,
				Base,
			);
			mainGroup = 2C8B377F29B74D8300E1D5CF;
			productRefGroup = 2C8B378929B74D8300E1D5CF /* Products */;
			projectDirPath = "";
			projectRoot = "";
			targets = (
				2C8B378729B74D8300E1D5CF /* MiniSoundsChallenge */,
				2C8B379729B74D8400E1D5CF /* MiniSoundsChallengeTests */,
				2C8B37A129B74D8400E1D5CF /* MiniSoundsChallengeUITests */,
			);
		};
/* End PBXProject section */

/* Begin PBXResourcesBuildPhase section */
		2C8B378629B74D8300E1D5CF /* Resources */ = {
			isa = PBXResourcesBuildPhase;
			buildActionMask = 2147483647;
			files = (
				2C8B379329B74D8400E1D5CF /* Preview Assets.xcassets in Resources */,
				2C8B379029B74D8400E1D5CF /* Assets.xcassets in Resources */,
			);
			runOnlyForDeploymentPostprocessing = 0;
		};
		2C8B379629B74D8400E1D5CF /* Resources */ = {
			isa = PBXResourcesBuildPhase;
			buildActionMask = 2147483647;
			files = (
			);
			runOnlyForDeploymentPostprocessing = 0;
		};
		2C8B37A029B74D8400E1D5CF /* Resources */ = {
			isa = PBXResourcesBuildPhase;
			buildActionMask = 2147483647;
			files = (
			);
			runOnlyForDeploymentPostprocessing = 0;
		};
/* End PBXResourcesBuildPhase section */

/* Begin PBXShellScriptBuildPhase section */
		34648C578587B3DB3BDC8B5F /* [CP] Check Pods Manifest.lock */ = {
			isa = PBXShellScriptBuildPhase;
			buildActionMask = 2147483647;
			files = (
			);
			inputFileListPaths = (
			);
			inputPaths = (
				"${PODS_PODFILE_DIR_PATH}/Podfile.lock",
				"${PODS_ROOT}/Manifest.lock",
			);
			name = "[CP] Check Pods Manifest.lock";
			outputFileListPaths = (
			);
			outputPaths = (
				"$(DERIVED_FILE_DIR)/Pods-MiniSoundsChallenge-MiniSoundsChallengeUITests-checkManifestLockResult.txt",
			);
			runOnlyForDeploymentPostprocessing = 0;
			shellPath = /bin/sh;
			shellScript = "diff \"${PODS_PODFILE_DIR_PATH}/Podfile.lock\" \"${PODS_ROOT}/Manifest.lock\" > /dev/null\nif [ $? != 0 ] ; then\n    # print error to STDERR\n    echo \"error: The sandbox is not in sync with the Podfile.lock. Run 'pod install' or update your CocoaPods installation.\" >&2\n    exit 1\nfi\n# This output is used by Xcode 'outputs' to avoid re-running this script phase.\necho \"SUCCESS\" > \"${SCRIPT_OUTPUT_FILE_0}\"\n";
			showEnvVarsInLog = 0;
		};
		50724CD2CEC30F22187863D2 /* [CP] Check Pods Manifest.lock */ = {
			isa = PBXShellScriptBuildPhase;
			buildActionMask = 2147483647;
			files = (
			);
			inputFileListPaths = (
			);
			inputPaths = (
				"${PODS_PODFILE_DIR_PATH}/Podfile.lock",
				"${PODS_ROOT}/Manifest.lock",
			);
			name = "[CP] Check Pods Manifest.lock";
			outputFileListPaths = (
			);
			outputPaths = (
				"$(DERIVED_FILE_DIR)/Pods-MiniSoundsChallenge-checkManifestLockResult.txt",
			);
			runOnlyForDeploymentPostprocessing = 0;
			shellPath = /bin/sh;
			shellScript = "diff \"${PODS_PODFILE_DIR_PATH}/Podfile.lock\" \"${PODS_ROOT}/Manifest.lock\" > /dev/null\nif [ $? != 0 ] ; then\n    # print error to STDERR\n    echo \"error: The sandbox is not in sync with the Podfile.lock. Run 'pod install' or update your CocoaPods installation.\" >&2\n    exit 1\nfi\n# This output is used by Xcode 'outputs' to avoid re-running this script phase.\necho \"SUCCESS\" > \"${SCRIPT_OUTPUT_FILE_0}\"\n";
			showEnvVarsInLog = 0;
		};
		50D73FA20D3BC651B0211739 /* [CP] Check Pods Manifest.lock */ = {
			isa = PBXShellScriptBuildPhase;
			buildActionMask = 2147483647;
			files = (
			);
			inputFileListPaths = (
			);
			inputPaths = (
				"${PODS_PODFILE_DIR_PATH}/Podfile.lock",
				"${PODS_ROOT}/Manifest.lock",
			);
			name = "[CP] Check Pods Manifest.lock";
			outputFileListPaths = (
			);
			outputPaths = (
				"$(DERIVED_FILE_DIR)/Pods-MiniSoundsChallengeTests-checkManifestLockResult.txt",
			);
			runOnlyForDeploymentPostprocessing = 0;
			shellPath = /bin/sh;
			shellScript = "diff \"${PODS_PODFILE_DIR_PATH}/Podfile.lock\" \"${PODS_ROOT}/Manifest.lock\" > /dev/null\nif [ $? != 0 ] ; then\n    # print error to STDERR\n    echo \"error: The sandbox is not in sync with the Podfile.lock. Run 'pod install' or update your CocoaPods installation.\" >&2\n    exit 1\nfi\n# This output is used by Xcode 'outputs' to avoid re-running this script phase.\necho \"SUCCESS\" > \"${SCRIPT_OUTPUT_FILE_0}\"\n";
			showEnvVarsInLog = 0;
		};
		710F5E309DEFCE509332F913 /* [CP] Embed Pods Frameworks */ = {
			isa = PBXShellScriptBuildPhase;
			buildActionMask = 2147483647;
			files = (
			);
			inputFileListPaths = (
				"${PODS_ROOT}/Target Support Files/Pods-MiniSoundsChallenge-MiniSoundsChallengeUITests/Pods-MiniSoundsChallenge-MiniSoundsChallengeUITests-frameworks-${CONFIGURATION}-input-files.xcfilelist",
			);
			name = "[CP] Embed Pods Frameworks";
			outputFileListPaths = (
				"${PODS_ROOT}/Target Support Files/Pods-MiniSoundsChallenge-MiniSoundsChallengeUITests/Pods-MiniSoundsChallenge-MiniSoundsChallengeUITests-frameworks-${CONFIGURATION}-output-files.xcfilelist",
			);
			runOnlyForDeploymentPostprocessing = 0;
			shellPath = /bin/sh;
			shellScript = "\"${PODS_ROOT}/Target Support Files/Pods-MiniSoundsChallenge-MiniSoundsChallengeUITests/Pods-MiniSoundsChallenge-MiniSoundsChallengeUITests-frameworks.sh\"\n";
			showEnvVarsInLog = 0;
		};
		A2D8D63F7EED7CFBEF3E2056 /* [CP] Embed Pods Frameworks */ = {
			isa = PBXShellScriptBuildPhase;
			buildActionMask = 2147483647;
			files = (
			);
			inputFileListPaths = (
				"${PODS_ROOT}/Target Support Files/Pods-MiniSoundsChallenge/Pods-MiniSoundsChallenge-frameworks-${CONFIGURATION}-input-files.xcfilelist",
			);
			name = "[CP] Embed Pods Frameworks";
			outputFileListPaths = (
				"${PODS_ROOT}/Target Support Files/Pods-MiniSoundsChallenge/Pods-MiniSoundsChallenge-frameworks-${CONFIGURATION}-output-files.xcfilelist",
			);
			runOnlyForDeploymentPostprocessing = 0;
			shellPath = /bin/sh;
			shellScript = "\"${PODS_ROOT}/Target Support Files/Pods-MiniSoundsChallenge/Pods-MiniSoundsChallenge-frameworks.sh\"\n";
			showEnvVarsInLog = 0;
		};
/* End PBXShellScriptBuildPhase section */

/* Begin PBXSourcesBuildPhase section */
		2C8B378429B74D8300E1D5CF /* Sources */ = {
			isa = PBXSourcesBuildPhase;
			buildActionMask = 2147483647;
			files = (
				2C65FE7A29D2EE1C00BDFF69 /* ListenPageView.swift in Sources */,
				2C838A4E2A37592D007307A4 /* StationSquareView.swift in Sources */,
				2C8B378E29B74D8300E1D5CF /* ContentView.swift in Sources */,
				2CA0F3342A333159005030F0 /* MyAvStatisticsConsumer.swift in Sources */,
				2C82908C2A288E6400F33168 /* ListenPageViewModel.swift in Sources */,
				2C8B378C29B74D8300E1D5CF /* MiniSoundsChallengeApp.swift in Sources */,
				2C838A502A375955007307A4 /* StationSquareViewModel.swift in Sources */,
			);
			runOnlyForDeploymentPostprocessing = 0;
		};
		2C8B379429B74D8400E1D5CF /* Sources */ = {
			isa = PBXSourcesBuildPhase;
			buildActionMask = 2147483647;
			files = (
				2C8B379D29B74D8400E1D5CF /* MiniSoundsChallengeTests.swift in Sources */,
			);
			runOnlyForDeploymentPostprocessing = 0;
		};
		2C8B379E29B74D8400E1D5CF /* Sources */ = {
			isa = PBXSourcesBuildPhase;
			buildActionMask = 2147483647;
			files = (
				2C8B37A729B74D8400E1D5CF /* MiniSoundsChallengeUITests.swift in Sources */,
				2C8B37A929B74D8400E1D5CF /* MiniSoundsChallengeUITestsLaunchTests.swift in Sources */,
			);
			runOnlyForDeploymentPostprocessing = 0;
		};
/* End PBXSourcesBuildPhase section */

/* Begin PBXTargetDependency section */
		2C8B379A29B74D8400E1D5CF /* PBXTargetDependency */ = {
			isa = PBXTargetDependency;
			target = 2C8B378729B74D8300E1D5CF /* MiniSoundsChallenge */;
			targetProxy = 2C8B379929B74D8400E1D5CF /* PBXContainerItemProxy */;
		};
		2C8B37A429B74D8400E1D5CF /* PBXTargetDependency */ = {
			isa = PBXTargetDependency;
			target = 2C8B378729B74D8300E1D5CF /* MiniSoundsChallenge */;
			targetProxy = 2C8B37A329B74D8400E1D5CF /* PBXContainerItemProxy */;
		};
/* End PBXTargetDependency section */

/* Begin XCBuildConfiguration section */
		2C8B37AA29B74D8400E1D5CF /* Debug */ = {
			isa = XCBuildConfiguration;
			buildSettings = {
				ALWAYS_SEARCH_USER_PATHS = NO;
				CLANG_ANALYZER_NONNULL = YES;
				CLANG_ANALYZER_NUMBER_OBJECT_CONVERSION = YES_AGGRESSIVE;
				CLANG_CXX_LANGUAGE_STANDARD = "gnu++20";
				CLANG_ENABLE_MODULES = YES;
				CLANG_ENABLE_OBJC_ARC = YES;
				CLANG_ENABLE_OBJC_WEAK = YES;
				CLANG_WARN_BLOCK_CAPTURE_AUTORELEASING = YES;
				CLANG_WARN_BOOL_CONVERSION = YES;
				CLANG_WARN_COMMA = YES;
				CLANG_WARN_CONSTANT_CONVERSION = YES;
				CLANG_WARN_DEPRECATED_OBJC_IMPLEMENTATIONS = YES;
				CLANG_WARN_DIRECT_OBJC_ISA_USAGE = YES_ERROR;
				CLANG_WARN_DOCUMENTATION_COMMENTS = YES;
				CLANG_WARN_EMPTY_BODY = YES;
				CLANG_WARN_ENUM_CONVERSION = YES;
				CLANG_WARN_INFINITE_RECURSION = YES;
				CLANG_WARN_INT_CONVERSION = YES;
				CLANG_WARN_NON_LITERAL_NULL_CONVERSION = YES;
				CLANG_WARN_OBJC_IMPLICIT_RETAIN_SELF = YES;
				CLANG_WARN_OBJC_LITERAL_CONVERSION = YES;
				CLANG_WARN_OBJC_ROOT_CLASS = YES_ERROR;
				CLANG_WARN_QUOTED_INCLUDE_IN_FRAMEWORK_HEADER = YES;
				CLANG_WARN_RANGE_LOOP_ANALYSIS = YES;
				CLANG_WARN_STRICT_PROTOTYPES = YES;
				CLANG_WARN_SUSPICIOUS_MOVE = YES;
				CLANG_WARN_UNGUARDED_AVAILABILITY = YES_AGGRESSIVE;
				CLANG_WARN_UNREACHABLE_CODE = YES;
				CLANG_WARN__DUPLICATE_METHOD_MATCH = YES;
				COPY_PHASE_STRIP = NO;
				DEBUG_INFORMATION_FORMAT = dwarf;
				ENABLE_STRICT_OBJC_MSGSEND = YES;
				ENABLE_TESTABILITY = YES;
				GCC_C_LANGUAGE_STANDARD = gnu11;
				GCC_DYNAMIC_NO_PIC = NO;
				GCC_NO_COMMON_BLOCKS = YES;
				GCC_OPTIMIZATION_LEVEL = 0;
				GCC_PREPROCESSOR_DEFINITIONS = (
					"DEBUG=1",
					"$(inherited)",
				);
				GCC_WARN_64_TO_32_BIT_CONVERSION = YES;
				GCC_WARN_ABOUT_RETURN_TYPE = YES_ERROR;
				GCC_WARN_UNDECLARED_SELECTOR = YES;
				GCC_WARN_UNINITIALIZED_AUTOS = YES_AGGRESSIVE;
				GCC_WARN_UNUSED_FUNCTION = YES;
				GCC_WARN_UNUSED_VARIABLE = YES;
				IPHONEOS_DEPLOYMENT_TARGET = 16.2;
				MTL_ENABLE_DEBUG_INFO = INCLUDE_SOURCE;
				MTL_FAST_MATH = YES;
				ONLY_ACTIVE_ARCH = YES;
				SDKROOT = iphoneos;
				SWIFT_ACTIVE_COMPILATION_CONDITIONS = DEBUG;
				SWIFT_OPTIMIZATION_LEVEL = "-Onone";
			};
			name = Debug;
		};
		2C8B37AB29B74D8400E1D5CF /* Release */ = {
			isa = XCBuildConfiguration;
			buildSettings = {
				ALWAYS_SEARCH_USER_PATHS = NO;
				CLANG_ANALYZER_NONNULL = YES;
				CLANG_ANALYZER_NUMBER_OBJECT_CONVERSION = YES_AGGRESSIVE;
				CLANG_CXX_LANGUAGE_STANDARD = "gnu++20";
				CLANG_ENABLE_MODULES = YES;
				CLANG_ENABLE_OBJC_ARC = YES;
				CLANG_ENABLE_OBJC_WEAK = YES;
				CLANG_WARN_BLOCK_CAPTURE_AUTORELEASING = YES;
				CLANG_WARN_BOOL_CONVERSION = YES;
				CLANG_WARN_COMMA = YES;
				CLANG_WARN_CONSTANT_CONVERSION = YES;
				CLANG_WARN_DEPRECATED_OBJC_IMPLEMENTATIONS = YES;
				CLANG_WARN_DIRECT_OBJC_ISA_USAGE = YES_ERROR;
				CLANG_WARN_DOCUMENTATION_COMMENTS = YES;
				CLANG_WARN_EMPTY_BODY = YES;
				CLANG_WARN_ENUM_CONVERSION = YES;
				CLANG_WARN_INFINITE_RECURSION = YES;
				CLANG_WARN_INT_CONVERSION = YES;
				CLANG_WARN_NON_LITERAL_NULL_CONVERSION = YES;
				CLANG_WARN_OBJC_IMPLICIT_RETAIN_SELF = YES;
				CLANG_WARN_OBJC_LITERAL_CONVERSION = YES;
				CLANG_WARN_OBJC_ROOT_CLASS = YES_ERROR;
				CLANG_WARN_QUOTED_INCLUDE_IN_FRAMEWORK_HEADER = YES;
				CLANG_WARN_RANGE_LOOP_ANALYSIS = YES;
				CLANG_WARN_STRICT_PROTOTYPES = YES;
				CLANG_WARN_SUSPICIOUS_MOVE = YES;
				CLANG_WARN_UNGUARDED_AVAILABILITY = YES_AGGRESSIVE;
				CLANG_WARN_UNREACHABLE_CODE = YES;
				CLANG_WARN__DUPLICATE_METHOD_MATCH = YES;
				COPY_PHASE_STRIP = NO;
				DEBUG_INFORMATION_FORMAT = "dwarf-with-dsym";
				ENABLE_NS_ASSERTIONS = NO;
				ENABLE_STRICT_OBJC_MSGSEND = YES;
				GCC_C_LANGUAGE_STANDARD = gnu11;
				GCC_NO_COMMON_BLOCKS = YES;
				GCC_WARN_64_TO_32_BIT_CONVERSION = YES;
				GCC_WARN_ABOUT_RETURN_TYPE = YES_ERROR;
				GCC_WARN_UNDECLARED_SELECTOR = YES;
				GCC_WARN_UNINITIALIZED_AUTOS = YES_AGGRESSIVE;
				GCC_WARN_UNUSED_FUNCTION = YES;
				GCC_WARN_UNUSED_VARIABLE = YES;
				IPHONEOS_DEPLOYMENT_TARGET = 16.2;
				MTL_ENABLE_DEBUG_INFO = NO;
				MTL_FAST_MATH = YES;
				SDKROOT = iphoneos;
				SWIFT_COMPILATION_MODE = wholemodule;
				SWIFT_OPTIMIZATION_LEVEL = "-O";
				VALIDATE_PRODUCT = YES;
			};
			name = Release;
		};
		2C8B37AD29B74D8400E1D5CF /* Debug */ = {
			isa = XCBuildConfiguration;
			baseConfigurationReference = CE149238B155803B8AC20C04 /* Pods-MiniSoundsChallenge.debug.xcconfig */;
			buildSettings = {
				ASSETCATALOG_COMPILER_APPICON_NAME = AppIcon;
				ASSETCATALOG_COMPILER_GLOBAL_ACCENT_COLOR_NAME = AccentColor;
				CODE_SIGN_STYLE = Automatic;
				CURRENT_PROJECT_VERSION = 1;
				DEVELOPMENT_ASSET_PATHS = "\"MiniSoundsChallenge/Preview Content\"";
				ENABLE_PREVIEWS = YES;
				GENERATE_INFOPLIST_FILE = YES;
				INFOPLIST_KEY_UIApplicationSceneManifest_Generation = YES;
				INFOPLIST_KEY_UIApplicationSupportsIndirectInputEvents = YES;
				INFOPLIST_KEY_UILaunchScreen_Generation = YES;
				INFOPLIST_KEY_UISupportedInterfaceOrientations_iPad = "UIInterfaceOrientationPortrait UIInterfaceOrientationPortraitUpsideDown UIInterfaceOrientationLandscapeLeft UIInterfaceOrientationLandscapeRight";
				INFOPLIST_KEY_UISupportedInterfaceOrientations_iPhone = "UIInterfaceOrientationPortrait UIInterfaceOrientationLandscapeLeft UIInterfaceOrientationLandscapeRight";
				IPHONEOS_DEPLOYMENT_TARGET = 15.0;
				LD_RUNPATH_SEARCH_PATHS = (
					"$(inherited)",
					"@executable_path/Frameworks",
				);
				MARKETING_VERSION = 1.0;
				ONLY_ACTIVE_ARCH = YES;
				PRODUCT_BUNDLE_IDENTIFIER = mybbc.MiniSoundsChallenge;
				PRODUCT_NAME = "$(TARGET_NAME)";
				SWIFT_EMIT_LOC_STRINGS = YES;
				SWIFT_VERSION = 5.0;
				TARGETED_DEVICE_FAMILY = "1,2";
			};
			name = Debug;
		};
		2C8B37AE29B74D8400E1D5CF /* Release */ = {
			isa = XCBuildConfiguration;
			baseConfigurationReference = 68E57B500FD4079BCC71C117 /* Pods-MiniSoundsChallenge.release.xcconfig */;
			buildSettings = {
				ASSETCATALOG_COMPILER_APPICON_NAME = AppIcon;
				ASSETCATALOG_COMPILER_GLOBAL_ACCENT_COLOR_NAME = AccentColor;
				CODE_SIGN_STYLE = Automatic;
				CURRENT_PROJECT_VERSION = 1;
				DEVELOPMENT_ASSET_PATHS = "\"MiniSoundsChallenge/Preview Content\"";
				ENABLE_PREVIEWS = YES;
				GENERATE_INFOPLIST_FILE = YES;
				INFOPLIST_KEY_UIApplicationSceneManifest_Generation = YES;
				INFOPLIST_KEY_UIApplicationSupportsIndirectInputEvents = YES;
				INFOPLIST_KEY_UILaunchScreen_Generation = YES;
				INFOPLIST_KEY_UISupportedInterfaceOrientations_iPad = "UIInterfaceOrientationPortrait UIInterfaceOrientationPortraitUpsideDown UIInterfaceOrientationLandscapeLeft UIInterfaceOrientationLandscapeRight";
				INFOPLIST_KEY_UISupportedInterfaceOrientations_iPhone = "UIInterfaceOrientationPortrait UIInterfaceOrientationLandscapeLeft UIInterfaceOrientationLandscapeRight";
				IPHONEOS_DEPLOYMENT_TARGET = 15.0;
				LD_RUNPATH_SEARCH_PATHS = (
					"$(inherited)",
					"@executable_path/Frameworks",
				);
				MARKETING_VERSION = 1.0;
				ONLY_ACTIVE_ARCH = YES;
				PRODUCT_BUNDLE_IDENTIFIER = mybbc.MiniSoundsChallenge;
				PRODUCT_NAME = "$(TARGET_NAME)";
				SWIFT_EMIT_LOC_STRINGS = YES;
				SWIFT_VERSION = 5.0;
				TARGETED_DEVICE_FAMILY = "1,2";
			};
			name = Release;
		};
		2C8B37B029B74D8400E1D5CF /* Debug */ = {
			isa = XCBuildConfiguration;
			baseConfigurationReference = 50DCFD8672F40A727D81B845 /* Pods-MiniSoundsChallengeTests.debug.xcconfig */;
			buildSettings = {
				ALWAYS_EMBED_SWIFT_STANDARD_LIBRARIES = YES;
				BUNDLE_LOADER = "$(TEST_HOST)";
				CODE_SIGN_STYLE = Automatic;
				CURRENT_PROJECT_VERSION = 1;
				GENERATE_INFOPLIST_FILE = YES;
				IPHONEOS_DEPLOYMENT_TARGET = 16.2;
				MARKETING_VERSION = 1.0;
				PRODUCT_BUNDLE_IDENTIFIER = mybbc.MiniSoundsChallengeTests;
				PRODUCT_NAME = "$(TARGET_NAME)";
				SWIFT_EMIT_LOC_STRINGS = NO;
				SWIFT_VERSION = 5.0;
				TARGETED_DEVICE_FAMILY = "1,2";
				TEST_HOST = "$(BUILT_PRODUCTS_DIR)/MiniSoundsChallenge.app/$(BUNDLE_EXECUTABLE_FOLDER_PATH)/MiniSoundsChallenge";
			};
			name = Debug;
		};
		2C8B37B129B74D8400E1D5CF /* Release */ = {
			isa = XCBuildConfiguration;
			baseConfigurationReference = 71015D64E762E5F7F1CCD3DB /* Pods-MiniSoundsChallengeTests.release.xcconfig */;
			buildSettings = {
				ALWAYS_EMBED_SWIFT_STANDARD_LIBRARIES = YES;
				BUNDLE_LOADER = "$(TEST_HOST)";
				CODE_SIGN_STYLE = Automatic;
				CURRENT_PROJECT_VERSION = 1;
				GENERATE_INFOPLIST_FILE = YES;
				IPHONEOS_DEPLOYMENT_TARGET = 16.2;
				MARKETING_VERSION = 1.0;
				PRODUCT_BUNDLE_IDENTIFIER = mybbc.MiniSoundsChallengeTests;
				PRODUCT_NAME = "$(TARGET_NAME)";
				SWIFT_EMIT_LOC_STRINGS = NO;
				SWIFT_VERSION = 5.0;
				TARGETED_DEVICE_FAMILY = "1,2";
				TEST_HOST = "$(BUILT_PRODUCTS_DIR)/MiniSoundsChallenge.app/$(BUNDLE_EXECUTABLE_FOLDER_PATH)/MiniSoundsChallenge";
			};
			name = Release;
		};
		2C8B37B329B74D8400E1D5CF /* Debug */ = {
			isa = XCBuildConfiguration;
			baseConfigurationReference = 54DBA18E852DEF8B5EAFD34F /* Pods-MiniSoundsChallenge-MiniSoundsChallengeUITests.debug.xcconfig */;
			buildSettings = {
				ALWAYS_EMBED_SWIFT_STANDARD_LIBRARIES = YES;
				CODE_SIGN_STYLE = Automatic;
				CURRENT_PROJECT_VERSION = 1;
				GENERATE_INFOPLIST_FILE = YES;
				MARKETING_VERSION = 1.0;
				PRODUCT_BUNDLE_IDENTIFIER = mybbc.MiniSoundsChallengeUITests;
				PRODUCT_NAME = "$(TARGET_NAME)";
				SWIFT_EMIT_LOC_STRINGS = NO;
				SWIFT_VERSION = 5.0;
				TARGETED_DEVICE_FAMILY = "1,2";
				TEST_TARGET_NAME = MiniSoundsChallenge;
			};
			name = Debug;
		};
		2C8B37B429B74D8400E1D5CF /* Release */ = {
			isa = XCBuildConfiguration;
			baseConfigurationReference = BA66ECA88F4D868C06EBBEFB /* Pods-MiniSoundsChallenge-MiniSoundsChallengeUITests.release.xcconfig */;
			buildSettings = {
				ALWAYS_EMBED_SWIFT_STANDARD_LIBRARIES = YES;
				CODE_SIGN_STYLE = Automatic;
				CURRENT_PROJECT_VERSION = 1;
				GENERATE_INFOPLIST_FILE = YES;
				MARKETING_VERSION = 1.0;
				PRODUCT_BUNDLE_IDENTIFIER = mybbc.MiniSoundsChallengeUITests;
				PRODUCT_NAME = "$(TARGET_NAME)";
				SWIFT_EMIT_LOC_STRINGS = NO;
				SWIFT_VERSION = 5.0;
				TARGETED_DEVICE_FAMILY = "1,2";
				TEST_TARGET_NAME = MiniSoundsChallenge;
			};
			name = Release;
		};
/* End XCBuildConfiguration section */

/* Begin XCConfigurationList section */
		2C8B378329B74D8300E1D5CF /* Build configuration list for PBXProject "MiniSoundsChallenge" */ = {
			isa = XCConfigurationList;
			buildConfigurations = (
				2C8B37AA29B74D8400E1D5CF /* Debug */,
				2C8B37AB29B74D8400E1D5CF /* Release */,
			);
			defaultConfigurationIsVisible = 0;
			defaultConfigurationName = Release;
		};
		2C8B37AC29B74D8400E1D5CF /* Build configuration list for PBXNativeTarget "MiniSoundsChallenge" */ = {
			isa = XCConfigurationList;
			buildConfigurations = (
				2C8B37AD29B74D8400E1D5CF /* Debug */,
				2C8B37AE29B74D8400E1D5CF /* Release */,
			);
			defaultConfigurationIsVisible = 0;
			defaultConfigurationName = Release;
		};
		2C8B37AF29B74D8400E1D5CF /* Build configuration list for PBXNativeTarget "MiniSoundsChallengeTests" */ = {
			isa = XCConfigurationList;
			buildConfigurations = (
				2C8B37B029B74D8400E1D5CF /* Debug */,
				2C8B37B129B74D8400E1D5CF /* Release */,
			);
			defaultConfigurationIsVisible = 0;
			defaultConfigurationName = Release;
		};
		2C8B37B229B74D8400E1D5CF /* Build configuration list for PBXNativeTarget "MiniSoundsChallengeUITests" */ = {
			isa = XCConfigurationList;
			buildConfigurations = (
				2C8B37B329B74D8400E1D5CF /* Debug */,
				2C8B37B429B74D8400E1D5CF /* Release */,
			);
			defaultConfigurationIsVisible = 0;
			defaultConfigurationName = Release;
		};
/* End XCConfigurationList section */
	};
	rootObject = 2C8B378029B74D8300E1D5CF /* Project object */;
}
