// !$*UTF8*$!
{
	archiveVersion = 1;
	classes = {
	};
	objectVersion = 56;
	objects = {

/* Begin PBXBuildFile section */
		2C8B378C29B74D8300E1D5CF /* MiniSoundsChallengeApp.swift in Sources */ = {isa = PBXBuildFile; fileRef = 2C8B378B29B74D8300E1D5CF /* MiniSoundsChallengeApp.swift */; };
		2C8B378E29B74D8300E1D5CF /* ContentView.swift in Sources */ = {isa = PBXBuildFile; fileRef = 2C8B378D29B74D8300E1D5CF /* ContentView.swift */; };
		2C8B379029B74D8400E1D5CF /* Assets.xcassets in Resources */ = {isa = PBXBuildFile; fileRef = 2C8B378F29B74D8400E1D5CF /* Assets.xcassets */; };
		2C8B379329B74D8400E1D5CF /* Preview Assets.xcassets in Resources */ = {isa = PBXBuildFile; fileRef = 2C8B379229B74D8400E1D5CF /* Preview Assets.xcassets */; };
		2C8B379D29B74D8400E1D5CF /* MiniSoundsChallengeTests.swift in Sources */ = {isa = PBXBuildFile; fileRef = 2C8B379C29B74D8400E1D5CF /* MiniSoundsChallengeTests.swift */; };
		2C8B37A729B74D8400E1D5CF /* MiniSoundsChallengeUITests.swift in Sources */ = {isa = PBXBuildFile; fileRef = 2C8B37A629B74D8400E1D5CF /* MiniSoundsChallengeUITests.swift */; };
		2C8B37A929B74D8400E1D5CF /* MiniSoundsChallengeUITestsLaunchTests.swift in Sources */ = {isa = PBXBuildFile; fileRef = 2C8B37A829B74D8400E1D5CF /* MiniSoundsChallengeUITestsLaunchTests.swift */; };
/* End PBXBuildFile section */

/* Begin PBXContainerItemProxy section */
		2C8B379929B74D8400E1D5CF /* PBXContainerItemProxy */ = {
			isa = PBXContainerItemProxy;
			containerPortal = 2C8B378029B74D8300E1D5CF /* Project object */;
			proxyType = 1;
			remoteGlobalIDString = 2C8B378729B74D8300E1D5CF;
			remoteInfo = MiniSoundsChallenge;
		};
		2C8B37A329B74D8400E1D5CF /* PBXContainerItemProxy */ = {
			isa = PBXContainerItemProxy;
			containerPortal = 2C8B378029B74D8300E1D5CF /* Project object */;
			proxyType = 1;
			remoteGlobalIDString = 2C8B378729B74D8300E1D5CF;
			remoteInfo = MiniSoundsChallenge;
		};
/* End PBXContainerItemProxy section */

/* Begin PBXFileReference section */
		2C8B378829B74D8300E1D5CF /* MiniSoundsChallenge.app */ = {isa = PBXFileReference; explicitFileType = wrapper.application; includeInIndex = 0; path = MiniSoundsChallenge.app; sourceTree = BUILT_PRODUCTS_DIR; };
		2C8B378B29B74D8300E1D5CF /* MiniSoundsChallengeApp.swift */ = {isa = PBXFileReference; lastKnownFileType = sourcecode.swift; path = MiniSoundsChallengeApp.swift; sourceTree = "<group>"; };
		2C8B378D29B74D8300E1D5CF /* ContentView.swift */ = {isa = PBXFileReference; lastKnownFileType = sourcecode.swift; path = ContentView.swift; sourceTree = "<group>"; };
		2C8B378F29B74D8400E1D5CF /* Assets.xcassets */ = {isa = PBXFileReference; lastKnownFileType = folder.assetcatalog; path = Assets.xcassets; sourceTree = "<group>"; };
		2C8B379229B74D8400E1D5CF /* Preview Assets.xcassets */ = {isa = PBXFileReference; lastKnownFileType = folder.assetcatalog; path = "Preview Assets.xcassets"; sourceTree = "<group>"; };
		2C8B379829B74D8400E1D5CF /* MiniSoundsChallengeTests.xctest */ = {isa = PBXFileReference; explicitFileType = wrapper.cfbundle; includeInIndex = 0; path = MiniSoundsChallengeTests.xctest; sourceTree = BUILT_PRODUCTS_DIR; };
		2C8B379C29B74D8400E1D5CF /* MiniSoundsChallengeTests.swift */ = {isa = PBXFileReference; lastKnownFileType = sourcecode.swift; path = MiniSoundsChallengeTests.swift; sourceTree = "<group>"; };
		2C8B37A229B74D8400E1D5CF /* MiniSoundsChallengeUITests.xctest */ = {isa = PBXFileReference; explicitFileType = wrapper.cfbundle; includeInIndex = 0; path = MiniSoundsChallengeUITests.xctest; sourceTree = BUILT_PRODUCTS_DIR; };
		2C8B37A629B74D8400E1D5CF /* MiniSoundsChallengeUITests.swift */ = {isa = PBXFileReference; lastKnownFileType = sourcecode.swift; path = MiniSoundsChallengeUITests.swift; sourceTree = "<group>"; };
		2C8B37A829B74D8400E1D5CF /* MiniSoundsChallengeUITestsLaunchTests.swift */ = {isa = PBXFileReference; lastKnownFileType = sourcecode.swift; path = MiniSoundsChallengeUITestsLaunchTests.swift; sourceTree = "<group>"; };
/* End PBXFileReference section */

/* Begin PBXFrameworksBuildPhase section */
		2C8B378529B74D8300E1D5CF /* Frameworks */ = {
			isa = PBXFrameworksBuildPhase;
			buildActionMask = 2147483647;
			files = (
			);
			runOnlyForDeploymentPostprocessing = 0;
		};
		2C8B379529B74D8400E1D5CF /* Frameworks */ = {
			isa = PBXFrameworksBuildPhase;
			buildActionMask = 2147483647;
			files = (
			);
			runOnlyForDeploymentPostprocessing = 0;
		};
		2C8B379F29B74D8400E1D5CF /* Frameworks */ = {
			isa = PBXFrameworksBuildPhase;
			buildActionMask = 2147483647;
			files = (
			);
			runOnlyForDeploymentPostprocessing = 0;
		};
/* End PBXFrameworksBuildPhase section */

/* Begin PBXGroup section */
		2C8B377F29B74D8300E1D5CF = {
			isa = PBXGroup;
			children = (
				2C8B378A29B74D8300E1D5CF /* MiniSoundsChallenge */,
				2C8B379B29B74D8400E1D5CF /* MiniSoundsChallengeTests */,
				2C8B37A529B74D8400E1D5CF /* MiniSoundsChallengeUITests */,
				2C8B378929B74D8300E1D5CF /* Products */,
			);
			sourceTree = "<group>";
		};
		2C8B378929B74D8300E1D5CF /* Products */ = {
			isa = PBXGroup;
			children = (
				2C8B378829B74D8300E1D5CF /* MiniSoundsChallenge.app */,
				2C8B379829B74D8400E1D5CF /* MiniSoundsChallengeTests.xctest */,
				2C8B37A229B74D8400E1D5CF /* MiniSoundsChallengeUITests.xctest */,
			);
			name = Products;
			sourceTree = "<group>";
		};
		2C8B378A29B74D8300E1D5CF /* MiniSoundsChallenge */ = {
			isa = PBXGroup;
			children = (
				2C8B378B29B74D8300E1D5CF /* MiniSoundsChallengeApp.swift */,
				2C8B378D29B74D8300E1D5CF /* ContentView.swift */,
				2C8B378F29B74D8400E1D5CF /* Assets.xcassets */,
				2C8B379129B74D8400E1D5CF /* Preview Content */,
			);
			path = MiniSoundsChallenge;
			sourceTree = "<group>";
		};
		2C8B379129B74D8400E1D5CF /* Preview Content */ = {
			isa = PBXGroup;
			children = (
				2C8B379229B74D8400E1D5CF /* Preview Assets.xcassets */,
			);
			path = "Preview Content";
			sourceTree = "<group>";
		};
		2C8B379B29B74D8400E1D5CF /* MiniSoundsChallengeTests */ = {
			isa = PBXGroup;
			children = (
				2C8B379C29B74D8400E1D5CF /* MiniSoundsChallengeTests.swift */,
			);
			path = MiniSoundsChallengeTests;
			sourceTree = "<group>";
		};
		2C8B37A529B74D8400E1D5CF /* MiniSoundsChallengeUITests */ = {
			isa = PBXGroup;
			children = (
				2C8B37A629B74D8400E1D5CF /* MiniSoundsChallengeUITests.swift */,
				2C8B37A829B74D8400E1D5CF /* MiniSoundsChallengeUITestsLaunchTests.swift */,
			);
			path = MiniSoundsChallengeUITests;
			sourceTree = "<group>";
		};
/* End PBXGroup section */

/* Begin PBXNativeTarget section */
		2C8B378729B74D8300E1D5CF /* MiniSoundsChallenge */ = {
			isa = PBXNativeTarget;
			buildConfigurationList = 2C8B37AC29B74D8400E1D5CF /* Build configuration list for PBXNativeTarget "MiniSoundsChallenge" */;
			buildPhases = (
				2C8B378429B74D8300E1D5CF /* Sources */,
				2C8B378529B74D8300E1D5CF /* Frameworks */,
				2C8B378629B74D8300E1D5CF /* Resources */,
			);
			buildRules = (
			);
			dependencies = (
			);
			name = MiniSoundsChallenge;
			productName = MiniSoundsChallenge;
			productReference = 2C8B378829B74D8300E1D5CF /* MiniSoundsChallenge.app */;
			productType = "com.apple.product-type.application";
		};
		2C8B379729B74D8400E1D5CF /* MiniSoundsChallengeTests */ = {
			isa = PBXNativeTarget;
			buildConfigurationList = 2C8B37AF29B74D8400E1D5CF /* Build configuration list for PBXNativeTarget "MiniSoundsChallengeTests" */;
			buildPhases = (
				2C8B379429B74D8400E1D5CF /* Sources */,
				2C8B379529B74D8400E1D5CF /* Frameworks */,
				2C8B379629B74D8400E1D5CF /* Resources */,
			);
			buildRules = (
			);
			dependencies = (
				2C8B379A29B74D8400E1D5CF /* PBXTargetDependency */,
			);
			name = MiniSoundsChallengeTests;
			productName = MiniSoundsChallengeTests;
			productReference = 2C8B379829B74D8400E1D5CF /* MiniSoundsChallengeTests.xctest */;
			productType = "com.apple.product-type.bundle.unit-test";
		};
		2C8B37A129B74D8400E1D5CF /* MiniSoundsChallengeUITests */ = {
			isa = PBXNativeTarget;
			buildConfigurationList = 2C8B37B229B74D8400E1D5CF /* Build configuration list for PBXNativeTarget "MiniSoundsChallengeUITests" */;
			buildPhases = (
				2C8B379E29B74D8400E1D5CF /* Sources */,
				2C8B379F29B74D8400E1D5CF /* Frameworks */,
				2C8B37A029B74D8400E1D5CF /* Resources */,
			);
			buildRules = (
			);
			dependencies = (
				2C8B37A429B74D8400E1D5CF /* PBXTargetDependency */,
			);
			name = MiniSoundsChallengeUITests;
			productName = MiniSoundsChallengeUITests;
			productReference = 2C8B37A229B74D8400E1D5CF /* MiniSoundsChallengeUITests.xctest */;
			productType = "com.apple.product-type.bundle.ui-testing";
		};
/* End PBXNativeTarget section */

/* Begin PBXProject section */
		2C8B378029B74D8300E1D5CF /* Project object */ = {
			isa = PBXProject;
			attributes = {
				BuildIndependentTargetsInParallel = 1;
				LastSwiftUpdateCheck = 1420;
				LastUpgradeCheck = 1420;
				TargetAttributes = {
					2C8B378729B74D8300E1D5CF = {
						CreatedOnToolsVersion = 14.2;
					};
					2C8B379729B74D8400E1D5CF = {
						CreatedOnToolsVersion = 14.2;
						TestTargetID = 2C8B378729B74D8300E1D5CF;
					};
					2C8B37A129B74D8400E1D5CF = {
						CreatedOnToolsVersion = 14.2;
						TestTargetID = 2C8B378729B74D8300E1D5CF;
					};
				};
			};
			buildConfigurationList = 2C8B378329B74D8300E1D5CF /* Build configuration list for PBXProject "MiniSoundsChallenge" */;
			compatibilityVersion = "Xcode 14.0";
			developmentRegion = en;
			hasScannedForEncodings = 0;
			knownRegions = (
				en,
				Base,
			);
			mainGroup = 2C8B377F29B74D8300E1D5CF;
			productRefGroup = 2C8B378929B74D8300E1D5CF /* Products */;
			projectDirPath = "";
			projectRoot = "";
			targets = (
				2C8B378729B74D8300E1D5CF /* MiniSoundsChallenge */,
				2C8B379729B74D8400E1D5CF /* MiniSoundsChallengeTests */,
				2C8B37A129B74D8400E1D5CF /* MiniSoundsChallengeUITests */,
			);
		};
/* End PBXProject section */

/* Begin PBXResourcesBuildPhase section */
		2C8B378629B74D8300E1D5CF /* Resources */ = {
			isa = PBXResourcesBuildPhase;
			buildActionMask = 2147483647;
			files = (
				2C8B379329B74D8400E1D5CF /* Preview Assets.xcassets in Resources */,
				2C8B379029B74D8400E1D5CF /* Assets.xcassets in Resources */,
			);
			runOnlyForDeploymentPostprocessing = 0;
		};
		2C8B379629B74D8400E1D5CF /* Resources */ = {
			isa = PBXResourcesBuildPhase;
			buildActionMask = 2147483647;
			files = (
			);
			runOnlyForDeploymentPostprocessing = 0;
		};
		2C8B37A029B74D8400E1D5CF /* Resources */ = {
			isa = PBXResourcesBuildPhase;
			buildActionMask = 2147483647;
			files = (
			);
			runOnlyForDeploymentPostprocessing = 0;
		};
/* End PBXResourcesBuildPhase section */

/* Begin PBXSourcesBuildPhase section */
		2C8B378429B74D8300E1D5CF /* Sources */ = {
			isa = PBXSourcesBuildPhase;
			buildActionMask = 2147483647;
			files = (
				2C8B378E29B74D8300E1D5CF /* ContentView.swift in Sources */,
				2C8B378C29B74D8300E1D5CF /* MiniSoundsChallengeApp.swift in Sources */,
			);
			runOnlyForDeploymentPostprocessing = 0;
		};
		2C8B379429B74D8400E1D5CF /* Sources */ = {
			isa = PBXSourcesBuildPhase;
			buildActionMask = 2147483647;
			files = (
				2C8B379D29B74D8400E1D5CF /* MiniSoundsChallengeTests.swift in Sources */,
			);
			runOnlyForDeploymentPostprocessing = 0;
		};
		2C8B379E29B74D8400E1D5CF /* Sources */ = {
			isa = PBXSourcesBuildPhase;
			buildActionMask = 2147483647;
			files = (
				2C8B37A729B74D8400E1D5CF /* MiniSoundsChallengeUITests.swift in Sources */,
				2C8B37A929B74D8400E1D5CF /* MiniSoundsChallengeUITestsLaunchTests.swift in Sources */,
			);
			runOnlyForDeploymentPostprocessing = 0;
		};
/* End PBXSourcesBuildPhase section */

/* Begin PBXTargetDependency section */
		2C8B379A29B74D8400E1D5CF /* PBXTargetDependency */ = {
			isa = PBXTargetDependency;
			target = 2C8B378729B74D8300E1D5CF /* MiniSoundsChallenge */;
			targetProxy = 2C8B379929B74D8400E1D5CF /* PBXContainerItemProxy */;
		};
		2C8B37A429B74D8400E1D5CF /* PBXTargetDependency */ = {
			isa = PBXTargetDependency;
			target = 2C8B378729B74D8300E1D5CF /* MiniSoundsChallenge */;
			targetProxy = 2C8B37A329B74D8400E1D5CF /* PBXContainerItemProxy */;
		};
/* End PBXTargetDependency section */

/* Begin XCBuildConfiguration section */
		2C8B37AA29B74D8400E1D5CF /* Debug */ = {
			isa = XCBuildConfiguration;
			buildSettings = {
				ALWAYS_SEARCH_USER_PATHS = NO;
				CLANG_ANALYZER_NONNULL = YES;
				CLANG_ANALYZER_NUMBER_OBJECT_CONVERSION = YES_AGGRESSIVE;
				CLANG_CXX_LANGUAGE_STANDARD = "gnu++20";
				CLANG_ENABLE_MODULES = YES;
				CLANG_ENABLE_OBJC_ARC = YES;
				CLANG_ENABLE_OBJC_WEAK = YES;
				CLANG_WARN_BLOCK_CAPTURE_AUTORELEASING = YES;
				CLANG_WARN_BOOL_CONVERSION = YES;
				CLANG_WARN_COMMA = YES;
				CLANG_WARN_CONSTANT_CONVERSION = YES;
				CLANG_WARN_DEPRECATED_OBJC_IMPLEMENTATIONS = YES;
				CLANG_WARN_DIRECT_OBJC_ISA_USAGE = YES_ERROR;
				CLANG_WARN_DOCUMENTATION_COMMENTS = YES;
				CLANG_WARN_EMPTY_BODY = YES;
				CLANG_WARN_ENUM_CONVERSION = YES;
				CLANG_WARN_INFINITE_RECURSION = YES;
				CLANG_WARN_INT_CONVERSION = YES;
				CLANG_WARN_NON_LITERAL_NULL_CONVERSION = YES;
				CLANG_WARN_OBJC_IMPLICIT_RETAIN_SELF = YES;
				CLANG_WARN_OBJC_LITERAL_CONVERSION = YES;
				CLANG_WARN_OBJC_ROOT_CLASS = YES_ERROR;
				CLANG_WARN_QUOTED_INCLUDE_IN_FRAMEWORK_HEADER = YES;
				CLANG_WARN_RANGE_LOOP_ANALYSIS = YES;
				CLANG_WARN_STRICT_PROTOTYPES = YES;
				CLANG_WARN_SUSPICIOUS_MOVE = YES;
				CLANG_WARN_UNGUARDED_AVAILABILITY = YES_AGGRESSIVE;
				CLANG_WARN_UNREACHABLE_CODE = YES;
				CLANG_WARN__DUPLICATE_METHOD_MATCH = YES;
				COPY_PHASE_STRIP = NO;
				DEBUG_INFORMATION_FORMAT = dwarf;
				ENABLE_STRICT_OBJC_MSGSEND = YES;
				ENABLE_TESTABILITY = YES;
				GCC_C_LANGUAGE_STANDARD = gnu11;
				GCC_DYNAMIC_NO_PIC = NO;
				GCC_NO_COMMON_BLOCKS = YES;
				GCC_OPTIMIZATION_LEVEL = 0;
				GCC_PREPROCESSOR_DEFINITIONS = (
					"DEBUG=1",
					"$(inherited)",
				);
				GCC_WARN_64_TO_32_BIT_CONVERSION = YES;
				GCC_WARN_ABOUT_RETURN_TYPE = YES_ERROR;
				GCC_WARN_UNDECLARED_SELECTOR = YES;
				GCC_WARN_UNINITIALIZED_AUTOS = YES_AGGRESSIVE;
				GCC_WARN_UNUSED_FUNCTION = YES;
				GCC_WARN_UNUSED_VARIABLE = YES;
				IPHONEOS_DEPLOYMENT_TARGET = 16.2;
				MTL_ENABLE_DEBUG_INFO = INCLUDE_SOURCE;
				MTL_FAST_MATH = YES;
				ONLY_ACTIVE_ARCH = YES;
				SDKROOT = iphoneos;
				SWIFT_ACTIVE_COMPILATION_CONDITIONS = DEBUG;
				SWIFT_OPTIMIZATION_LEVEL = "-Onone";
			};
			name = Debug;
		};
		2C8B37AB29B74D8400E1D5CF /* Release */ = {
			isa = XCBuildConfiguration;
			buildSettings = {
				ALWAYS_SEARCH_USER_PATHS = NO;
				CLANG_ANALYZER_NONNULL = YES;
				CLANG_ANALYZER_NUMBER_OBJECT_CONVERSION = YES_AGGRESSIVE;
				CLANG_CXX_LANGUAGE_STANDARD = "gnu++20";
				CLANG_ENABLE_MODULES = YES;
				CLANG_ENABLE_OBJC_ARC = YES;
				CLANG_ENABLE_OBJC_WEAK = YES;
				CLANG_WARN_BLOCK_CAPTURE_AUTORELEASING = YES;
				CLANG_WARN_BOOL_CONVERSION = YES;
				CLANG_WARN_COMMA = YES;
				CLANG_WARN_CONSTANT_CONVERSION = YES;
				CLANG_WARN_DEPRECATED_OBJC_IMPLEMENTATIONS = YES;
				CLANG_WARN_DIRECT_OBJC_ISA_USAGE = YES_ERROR;
				CLANG_WARN_DOCUMENTATION_COMMENTS = YES;
				CLANG_WARN_EMPTY_BODY = YES;
				CLANG_WARN_ENUM_CONVERSION = YES;
				CLANG_WARN_INFINITE_RECURSION = YES;
				CLANG_WARN_INT_CONVERSION = YES;
				CLANG_WARN_NON_LITERAL_NULL_CONVERSION = YES;
				CLANG_WARN_OBJC_IMPLICIT_RETAIN_SELF = YES;
				CLANG_WARN_OBJC_LITERAL_CONVERSION = YES;
				CLANG_WARN_OBJC_ROOT_CLASS = YES_ERROR;
				CLANG_WARN_QUOTED_INCLUDE_IN_FRAMEWORK_HEADER = YES;
				CLANG_WARN_RANGE_LOOP_ANALYSIS = YES;
				CLANG_WARN_STRICT_PROTOTYPES = YES;
				CLANG_WARN_SUSPICIOUS_MOVE = YES;
				CLANG_WARN_UNGUARDED_AVAILABILITY = YES_AGGRESSIVE;
				CLANG_WARN_UNREACHABLE_CODE = YES;
				CLANG_WARN__DUPLICATE_METHOD_MATCH = YES;
				COPY_PHASE_STRIP = NO;
				DEBUG_INFORMATION_FORMAT = "dwarf-with-dsym";
				ENABLE_NS_ASSERTIONS = NO;
				ENABLE_STRICT_OBJC_MSGSEND = YES;
				GCC_C_LANGUAGE_STANDARD = gnu11;
				GCC_NO_COMMON_BLOCKS = YES;
				GCC_WARN_64_TO_32_BIT_CONVERSION = YES;
				GCC_WARN_ABOUT_RETURN_TYPE = YES_ERROR;
				GCC_WARN_UNDECLARED_SELECTOR = YES;
				GCC_WARN_UNINITIALIZED_AUTOS = YES_AGGRESSIVE;
				GCC_WARN_UNUSED_FUNCTION = YES;
				GCC_WARN_UNUSED_VARIABLE = YES;
				IPHONEOS_DEPLOYMENT_TARGET = 16.2;
				MTL_ENABLE_DEBUG_INFO = NO;
				MTL_FAST_MATH = YES;
				SDKROOT = iphoneos;
				SWIFT_COMPILATION_MODE = wholemodule;
				SWIFT_OPTIMIZATION_LEVEL = "-O";
				VALIDATE_PRODUCT = YES;
			};
			name = Release;
		};
		2C8B37AD29B74D8400E1D5CF /* Debug */ = {
			isa = XCBuildConfiguration;
			buildSettings = {
				ASSETCATALOG_COMPILER_APPICON_NAME = AppIcon;
				ASSETCATALOG_COMPILER_GLOBAL_ACCENT_COLOR_NAME = AccentColor;
				CODE_SIGN_STYLE = Automatic;
				CURRENT_PROJECT_VERSION = 1;
				DEVELOPMENT_ASSET_PATHS = "\"MiniSoundsChallenge/Preview Content\"";
				ENABLE_PREVIEWS = YES;
				GENERATE_INFOPLIST_FILE = YES;
				INFOPLIST_KEY_UIApplicationSceneManifest_Generation = YES;
				INFOPLIST_KEY_UIApplicationSupportsIndirectInputEvents = YES;
				INFOPLIST_KEY_UILaunchScreen_Generation = YES;
				INFOPLIST_KEY_UISupportedInterfaceOrientations_iPad = "UIInterfaceOrientationPortrait UIInterfaceOrientationPortraitUpsideDown UIInterfaceOrientationLandscapeLeft UIInterfaceOrientationLandscapeRight";
				INFOPLIST_KEY_UISupportedInterfaceOrientations_iPhone = "UIInterfaceOrientationPortrait UIInterfaceOrientationLandscapeLeft UIInterfaceOrientationLandscapeRight";
				LD_RUNPATH_SEARCH_PATHS = (
					"$(inherited)",
					"@executable_path/Frameworks",
				);
				MARKETING_VERSION = 1.0;
				PRODUCT_BUNDLE_IDENTIFIER = mybbc.MiniSoundsChallenge;
				PRODUCT_NAME = "$(TARGET_NAME)";
				SWIFT_EMIT_LOC_STRINGS = YES;
				SWIFT_VERSION = 5.0;
				TARGETED_DEVICE_FAMILY = "1,2";
			};
			name = Debug;
		};
		2C8B37AE29B74D8400E1D5CF /* Release */ = {
			isa = XCBuildConfiguration;
			buildSettings = {
				ASSETCATALOG_COMPILER_APPICON_NAME = AppIcon;
				ASSETCATALOG_COMPILER_GLOBAL_ACCENT_COLOR_NAME = AccentColor;
				CODE_SIGN_STYLE = Automatic;
				CURRENT_PROJECT_VERSION = 1;
				DEVELOPMENT_ASSET_PATHS = "\"MiniSoundsChallenge/Preview Content\"";
				ENABLE_PREVIEWS = YES;
				GENERATE_INFOPLIST_FILE = YES;
				INFOPLIST_KEY_UIApplicationSceneManifest_Generation = YES;
				INFOPLIST_KEY_UIApplicationSupportsIndirectInputEvents = YES;
				INFOPLIST_KEY_UILaunchScreen_Generation = YES;
				INFOPLIST_KEY_UISupportedInterfaceOrientations_iPad = "UIInterfaceOrientationPortrait UIInterfaceOrientationPortraitUpsideDown UIInterfaceOrientationLandscapeLeft UIInterfaceOrientationLandscapeRight";
				INFOPLIST_KEY_UISupportedInterfaceOrientations_iPhone = "UIInterfaceOrientationPortrait UIInterfaceOrientationLandscapeLeft UIInterfaceOrientationLandscapeRight";
				LD_RUNPATH_SEARCH_PATHS = (
					"$(inherited)",
					"@executable_path/Frameworks",
				);
				MARKETING_VERSION = 1.0;
				PRODUCT_BUNDLE_IDENTIFIER = mybbc.MiniSoundsChallenge;
				PRODUCT_NAME = "$(TARGET_NAME)";
				SWIFT_EMIT_LOC_STRINGS = YES;
				SWIFT_VERSION = 5.0;
				TARGETED_DEVICE_FAMILY = "1,2";
			};
			name = Release;
		};
		2C8B37B029B74D8400E1D5CF /* Debug */ = {
			isa = XCBuildConfiguration;
			buildSettings = {
				ALWAYS_EMBED_SWIFT_STANDARD_LIBRARIES = YES;
				BUNDLE_LOADER = "$(TEST_HOST)";
				CODE_SIGN_STYLE = Automatic;
				CURRENT_PROJECT_VERSION = 1;
				GENERATE_INFOPLIST_FILE = YES;
				IPHONEOS_DEPLOYMENT_TARGET = 16.2;
				MARKETING_VERSION = 1.0;
				PRODUCT_BUNDLE_IDENTIFIER = mybbc.MiniSoundsChallengeTests;
				PRODUCT_NAME = "$(TARGET_NAME)";
				SWIFT_EMIT_LOC_STRINGS = NO;
				SWIFT_VERSION = 5.0;
				TARGETED_DEVICE_FAMILY = "1,2";
				TEST_HOST = "$(BUILT_PRODUCTS_DIR)/MiniSoundsChallenge.app/$(BUNDLE_EXECUTABLE_FOLDER_PATH)/MiniSoundsChallenge";
			};
			name = Debug;
		};
		2C8B37B129B74D8400E1D5CF /* Release */ = {
			isa = XCBuildConfiguration;
			buildSettings = {
				ALWAYS_EMBED_SWIFT_STANDARD_LIBRARIES = YES;
				BUNDLE_LOADER = "$(TEST_HOST)";
				CODE_SIGN_STYLE = Automatic;
				CURRENT_PROJECT_VERSION = 1;
				GENERATE_INFOPLIST_FILE = YES;
				IPHONEOS_DEPLOYMENT_TARGET = 16.2;
				MARKETING_VERSION = 1.0;
				PRODUCT_BUNDLE_IDENTIFIER = mybbc.MiniSoundsChallengeTests;
				PRODUCT_NAME = "$(TARGET_NAME)";
				SWIFT_EMIT_LOC_STRINGS = NO;
				SWIFT_VERSION = 5.0;
				TARGETED_DEVICE_FAMILY = "1,2";
				TEST_HOST = "$(BUILT_PRODUCTS_DIR)/MiniSoundsChallenge.app/$(BUNDLE_EXECUTABLE_FOLDER_PATH)/MiniSoundsChallenge";
			};
			name = Release;
		};
		2C8B37B329B74D8400E1D5CF /* Debug */ = {
			isa = XCBuildConfiguration;
			buildSettings = {
				ALWAYS_EMBED_SWIFT_STANDARD_LIBRARIES = YES;
				CODE_SIGN_STYLE = Automatic;
				CURRENT_PROJECT_VERSION = 1;
				GENERATE_INFOPLIST_FILE = YES;
				MARKETING_VERSION = 1.0;
				PRODUCT_BUNDLE_IDENTIFIER = mybbc.MiniSoundsChallengeUITests;
				PRODUCT_NAME = "$(TARGET_NAME)";
				SWIFT_EMIT_LOC_STRINGS = NO;
				SWIFT_VERSION = 5.0;
				TARGETED_DEVICE_FAMILY = "1,2";
				TEST_TARGET_NAME = MiniSoundsChallenge;
			};
			name = Debug;
		};
		2C8B37B429B74D8400E1D5CF /* Release */ = {
			isa = XCBuildConfiguration;
			buildSettings = {
				ALWAYS_EMBED_SWIFT_STANDARD_LIBRARIES = YES;
				CODE_SIGN_STYLE = Automatic;
				CURRENT_PROJECT_VERSION = 1;
				GENERATE_INFOPLIST_FILE = YES;
				MARKETING_VERSION = 1.0;
				PRODUCT_BUNDLE_IDENTIFIER = mybbc.MiniSoundsChallengeUITests;
				PRODUCT_NAME = "$(TARGET_NAME)";
				SWIFT_EMIT_LOC_STRINGS = NO;
				SWIFT_VERSION = 5.0;
				TARGETED_DEVICE_FAMILY = "1,2";
				TEST_TARGET_NAME = MiniSoundsChallenge;
			};
			name = Release;
		};
/* End XCBuildConfiguration section */

/* Begin XCConfigurationList section */
		2C8B378329B74D8300E1D5CF /* Build configuration list for PBXProject "MiniSoundsChallenge" */ = {
			isa = XCConfigurationList;
			buildConfigurations = (
				2C8B37AA29B74D8400E1D5CF /* Debug */,
				2C8B37AB29B74D8400E1D5CF /* Release */,
			);
			defaultConfigurationIsVisible = 0;
			defaultConfigurationName = Release;
		};
		2C8B37AC29B74D8400E1D5CF /* Build configuration list for PBXNativeTarget "MiniSoundsChallenge" */ = {
			isa = XCConfigurationList;
			buildConfigurations = (
				2C8B37AD29B74D8400E1D5CF /* Debug */,
				2C8B37AE29B74D8400E1D5CF /* Release */,
			);
			defaultConfigurationIsVisible = 0;
			defaultConfigurationName = Release;
		};
		2C8B37AF29B74D8400E1D5CF /* Build configuration list for PBXNativeTarget "MiniSoundsChallengeTests" */ = {
			isa = XCConfigurationList;
			buildConfigurations = (
				2C8B37B029B74D8400E1D5CF /* Debug */,
				2C8B37B129B74D8400E1D5CF /* Release */,
			);
			defaultConfigurationIsVisible = 0;
			defaultConfigurationName = Release;
		};
		2C8B37B229B74D8400E1D5CF /* Build configuration list for PBXNativeTarget "MiniSoundsChallengeUITests" */ = {
			isa = XCConfigurationList;
			buildConfigurations = (
				2C8B37B329B74D8400E1D5CF /* Debug */,
				2C8B37B429B74D8400E1D5CF /* Release */,
			);
			defaultConfigurationIsVisible = 0;
			defaultConfigurationName = Release;
		};
/* End XCConfigurationList section */
	};
	rootObject = 2C8B378029B74D8300E1D5CF /* Project object */;
}
